
Microsoft Visual Studio Solution File, Format Version 12.00
# Visual Studio 2012
Project("{FAE04EC0-301F-11D3-BF4B-00C04F79EFBC}") = "Debugging", "Debugging\Debugging.csproj", "{8465A6D3-2A2B-4B2A-ABB8-FEA8214861D9}"
EndProject
Global
	GlobalSection(SolutionConfigurationPlatforms) = preSolution
		Debug|Any CPU = Debug|Any CPU
		Release|Any CPU = Release|Any CPU
	EndGlobalSection
	GlobalSection(ProjectConfigurationPlatforms) = postSolution
		{8465A6D3-2A2B-4B2A-ABB8-FEA8214861D9}.Debug|Any CPU.ActiveCfg = Debug|Any CPU
		{8465A6D3-2A2B-4B2A-ABB8-FEA8214861D9}.Debug|Any CPU.Build.0 = Debug|Any CPU
		{8465A6D3-2A2B-4B2A-ABB8-FEA8214861D9}.Release|Any CPU.ActiveCfg = Release|Any CPU
		{8465A6D3-2A2B-4B2A-ABB8-FEA8214861D9}.Release|Any CPU.Build.0 = Release|Any CPU
	EndGlobalSection
EndGlobal
